// !$*UTF8*$!
{
	archiveVersion = 1;
	classes = {
	};
	objectVersion = 56;
	objects = {

/* Begin PBXBuildFile section */
		62286EBF29C8FF40004F2CCD /* sad.wav in Resources */ = {isa = PBXBuildFile; fileRef = 62286EBE29C8FF40004F2CCD /* sad.wav */; };
		62286EC129C9ABE7004F2CCD /* happy.wav in Resources */ = {isa = PBXBuildFile; fileRef = 62286EC029C9ABE7004F2CCD /* happy.wav */; };
		625231FE29A2C757005BE256 /* SixViewController.swift in Sources */ = {isa = PBXBuildFile; fileRef = 625231FD29A2C757005BE256 /* SixViewController.swift */; };
		6252320029A2C80E005BE256 /* eightViewController.swift in Sources */ = {isa = PBXBuildFile; fileRef = 625231FF29A2C80E005BE256 /* eightViewController.swift */; };
		6252320229A2C8CE005BE256 /* tenViewController.swift in Sources */ = {isa = PBXBuildFile; fileRef = 6252320129A2C8CE005BE256 /* tenViewController.swift */; };
		6252320429A2C8F3005BE256 /* twelveViewController.swift in Sources */ = {isa = PBXBuildFile; fileRef = 6252320329A2C8F3005BE256 /* twelveViewController.swift */; };
		6252320629A2C915005BE256 /* twentyViewController.swift in Sources */ = {isa = PBXBuildFile; fileRef = 6252320529A2C915005BE256 /* twentyViewController.swift */; };
		629377E929A19830003DD3F3 /* AppDelegate.swift in Sources */ = {isa = PBXBuildFile; fileRef = 629377E829A19830003DD3F3 /* AppDelegate.swift */; };
		629377EB29A19830003DD3F3 /* SceneDelegate.swift in Sources */ = {isa = PBXBuildFile; fileRef = 629377EA29A19830003DD3F3 /* SceneDelegate.swift */; };
		629377ED29A19830003DD3F3 /* ViewController.swift in Sources */ = {isa = PBXBuildFile; fileRef = 629377EC29A19830003DD3F3 /* ViewController.swift */; };
		629377F029A19830003DD3F3 /* Main.storyboard in Resources */ = {isa = PBXBuildFile; fileRef = 629377EE29A19830003DD3F3 /* Main.storyboard */; };
		629377F229A19832003DD3F3 /* Assets.xcassets in Resources */ = {isa = PBXBuildFile; fileRef = 629377F129A19832003DD3F3 /* Assets.xcassets */; };
		629377F529A19832003DD3F3 /* LaunchScreen.storyboard in Resources */ = {isa = PBXBuildFile; fileRef = 629377F329A19832003DD3F3 /* LaunchScreen.storyboard */; };
		6293780729A19D05003DD3F3 /* homeViewController.swift in Sources */ = {isa = PBXBuildFile; fileRef = 6293780629A19D05003DD3F3 /* homeViewController.swift */; };
		6293780B29A1A029003DD3F3 /* fourViewController.swift in Sources */ = {isa = PBXBuildFile; fileRef = 6293780A29A1A029003DD3F3 /* fourViewController.swift */; };
/* End PBXBuildFile section */

/* Begin PBXFileReference section */
		62286EBE29C8FF40004F2CCD /* sad.wav */ = {isa = PBXFileReference; lastKnownFileType = audio.wav; name = sad.wav; path = sounds/sad.wav; sourceTree = SOURCE_ROOT; };
		62286EC029C9ABE7004F2CCD /* happy.wav */ = {isa = PBXFileReference; lastKnownFileType = audio.wav; name = happy.wav; path = sounds/happy.wav; sourceTree = SOURCE_ROOT; };
		625231FD29A2C757005BE256 /* SixViewController.swift */ = {isa = PBXFileReference; lastKnownFileType = sourcecode.swift; path = SixViewController.swift; sourceTree = "<group>"; };
		625231FF29A2C80E005BE256 /* eightViewController.swift */ = {isa = PBXFileReference; lastKnownFileType = sourcecode.swift; path = eightViewController.swift; sourceTree = "<group>"; };
		6252320129A2C8CE005BE256 /* tenViewController.swift */ = {isa = PBXFileReference; lastKnownFileType = sourcecode.swift; path = tenViewController.swift; sourceTree = "<group>"; };
		6252320329A2C8F3005BE256 /* twelveViewController.swift */ = {isa = PBXFileReference; lastKnownFileType = sourcecode.swift; path = twelveViewController.swift; sourceTree = "<group>"; };
		6252320529A2C915005BE256 /* twentyViewController.swift */ = {isa = PBXFileReference; lastKnownFileType = sourcecode.swift; path = twentyViewController.swift; sourceTree = "<group>"; };
		629377E529A19830003DD3F3 /* DnD Roll.app */ = {isa = PBXFileReference; explicitFileType = wrapper.application; includeInIndex = 0; path = "DnD Roll.app"; sourceTree = BUILT_PRODUCTS_DIR; };
		629377E829A19830003DD3F3 /* AppDelegate.swift */ = {isa = PBXFileReference; lastKnownFileType = sourcecode.swift; path = AppDelegate.swift; sourceTree = "<group>"; };
		629377EA29A19830003DD3F3 /* SceneDelegate.swift */ = {isa = PBXFileReference; lastKnownFileType = sourcecode.swift; path = SceneDelegate.swift; sourceTree = "<group>"; };
		629377EC29A19830003DD3F3 /* ViewController.swift */ = {isa = PBXFileReference; lastKnownFileType = sourcecode.swift; path = ViewController.swift; sourceTree = "<group>"; };
		629377EF29A19830003DD3F3 /* Base */ = {isa = PBXFileReference; lastKnownFileType = file.storyboard; name = Base; path = Base.lproj/Main.storyboard; sourceTree = "<group>"; };
		629377F129A19832003DD3F3 /* Assets.xcassets */ = {isa = PBXFileReference; lastKnownFileType = folder.assetcatalog; path = Assets.xcassets; sourceTree = "<group>"; };
		629377F429A19832003DD3F3 /* Base */ = {isa = PBXFileReference; lastKnownFileType = file.storyboard; name = Base; path = Base.lproj/LaunchScreen.storyboard; sourceTree = "<group>"; };
		629377F629A19832003DD3F3 /* Info.plist */ = {isa = PBXFileReference; lastKnownFileType = text.plist.xml; path = Info.plist; sourceTree = "<group>"; };
		6293780629A19D05003DD3F3 /* homeViewController.swift */ = {isa = PBXFileReference; lastKnownFileType = sourcecode.swift; path = homeViewController.swift; sourceTree = "<group>"; };
		6293780A29A1A029003DD3F3 /* fourViewController.swift */ = {isa = PBXFileReference; lastKnownFileType = sourcecode.swift; path = fourViewController.swift; sourceTree = "<group>"; };
/* End PBXFileReference section */

/* Begin PBXFrameworksBuildPhase section */
		629377E229A19830003DD3F3 /* Frameworks */ = {
			isa = PBXFrameworksBuildPhase;
			buildActionMask = 2147483647;
			files = (
			);
			runOnlyForDeploymentPostprocessing = 0;
		};
/* End PBXFrameworksBuildPhase section */

/* Begin PBXGroup section */
		629377DC29A19830003DD3F3 = {
			isa = PBXGroup;
			children = (
				629377E729A19830003DD3F3 /* aa */,
				629377E629A19830003DD3F3 /* Products */,
			);
			sourceTree = "<group>";
		};
		629377E629A19830003DD3F3 /* Products */ = {
			isa = PBXGroup;
			children = (
				629377E529A19830003DD3F3 /* DnD Roll.app */,
			);
			name = Products;
			sourceTree = "<group>";
		};
		629377E729A19830003DD3F3 /* aa */ = {
			isa = PBXGroup;
			children = (
				629377E829A19830003DD3F3 /* AppDelegate.swift */,
				629377EA29A19830003DD3F3 /* SceneDelegate.swift */,
				629377EE29A19830003DD3F3 /* Main.storyboard */,
				629377EC29A19830003DD3F3 /* ViewController.swift */,
				6252320529A2C915005BE256 /* twentyViewController.swift */,
				6252320329A2C8F3005BE256 /* twelveViewController.swift */,
				6252320129A2C8CE005BE256 /* tenViewController.swift */,
				625231FF29A2C80E005BE256 /* eightViewController.swift */,
				6293780A29A1A029003DD3F3 /* fourViewController.swift */,
				625231FD29A2C757005BE256 /* SixViewController.swift */,
				6293780629A19D05003DD3F3 /* homeViewController.swift */,
				629377F129A19832003DD3F3 /* Assets.xcassets */,
				629377F329A19832003DD3F3 /* LaunchScreen.storyboard */,
				629377F629A19832003DD3F3 /* Info.plist */,
				6293983029AA5FED003FC41C /* sounds */,
			);
			path = aa;
			sourceTree = "<group>";
		};
		6293983029AA5FED003FC41C /* sounds */ = {
			isa = PBXGroup;
			children = (
				62286EBE29C8FF40004F2CCD /* sad.wav */,
				62286EC029C9ABE7004F2CCD /* happy.wav */,
			);
			name = sounds;
			path = ../../../sounds;
			sourceTree = "<group>";
		};
/* End PBXGroup section */

/* Begin PBXNativeTarget section */
		629377E429A19830003DD3F3 /* DnD Roll */ = {
			isa = PBXNativeTarget;
			buildConfigurationList = 629377F929A19832003DD3F3 /* Build configuration list for PBXNativeTarget "DnD Roll" */;
			buildPhases = (
				629377E129A19830003DD3F3 /* Sources */,
				629377E229A19830003DD3F3 /* Frameworks */,
				629377E329A19830003DD3F3 /* Resources */,
			);
			buildRules = (
			);
			dependencies = (
			);
			name = "DnD Roll";
			productName = aa;
			productReference = 629377E529A19830003DD3F3 /* DnD Roll.app */;
			productType = "com.apple.product-type.application";
		};
/* End PBXNativeTarget section */

/* Begin PBXProject section */
		629377DD29A19830003DD3F3 /* Project object */ = {
			isa = PBXProject;
			attributes = {
				BuildIndependentTargetsInParallel = 1;
				LastSwiftUpdateCheck = 1420;
				LastUpgradeCheck = 1420;
				TargetAttributes = {
					629377E429A19830003DD3F3 = {
						CreatedOnToolsVersion = 14.2;
					};
				};
			};
			buildConfigurationList = 629377E029A19830003DD3F3 /* Build configuration list for PBXProject "DnD Roll" */;
			compatibilityVersion = "Xcode 14.0";
			developmentRegion = en;
			hasScannedForEncodings = 0;
			knownRegions = (
				en,
				Base,
			);
			mainGroup = 629377DC29A19830003DD3F3;
			productRefGroup = 629377E629A19830003DD3F3 /* Products */;
			projectDirPath = "";
			projectRoot = "";
			targets = (
				629377E429A19830003DD3F3 /* DnD Roll */,
			);
		};
/* End PBXProject section */

/* Begin PBXResourcesBuildPhase section */
		629377E329A19830003DD3F3 /* Resources */ = {
			isa = PBXResourcesBuildPhase;
			buildActionMask = 2147483647;
			files = (
				629377F529A19832003DD3F3 /* LaunchScreen.storyboard in Resources */,
				629377F229A19832003DD3F3 /* Assets.xcassets in Resources */,
				62286EBF29C8FF40004F2CCD /* sad.wav in Resources */,
				629377F029A19830003DD3F3 /* Main.storyboard in Resources */,
				62286EC129C9ABE7004F2CCD /* happy.wav in Resources */,
			);
			runOnlyForDeploymentPostprocessing = 0;
		};
/* End PBXResourcesBuildPhase section */

/* Begin PBXSourcesBuildPhase section */
		629377E129A19830003DD3F3 /* Sources */ = {
			isa = PBXSourcesBuildPhase;
			buildActionMask = 2147483647;
			files = (
				6252320229A2C8CE005BE256 /* tenViewController.swift in Sources */,
				6293780B29A1A029003DD3F3 /* fourViewController.swift in Sources */,
				6252320429A2C8F3005BE256 /* twelveViewController.swift in Sources */,
				629377ED29A19830003DD3F3 /* ViewController.swift in Sources */,
				6252320029A2C80E005BE256 /* eightViewController.swift in Sources */,
				629377E929A19830003DD3F3 /* AppDelegate.swift in Sources */,
				625231FE29A2C757005BE256 /* SixViewController.swift in Sources */,
				6252320629A2C915005BE256 /* twentyViewController.swift in Sources */,
				629377EB29A19830003DD3F3 /* SceneDelegate.swift in Sources */,
				6293780729A19D05003DD3F3 /* homeViewController.swift in Sources */,
			);
			runOnlyForDeploymentPostprocessing = 0;
		};
/* End PBXSourcesBuildPhase section */

/* Begin PBXVariantGroup section */
		629377EE29A19830003DD3F3 /* Main.storyboard */ = {
			isa = PBXVariantGroup;
			children = (
				629377EF29A19830003DD3F3 /* Base */,
			);
			name = Main.storyboard;
			sourceTree = "<group>";
		};
		629377F329A19832003DD3F3 /* LaunchScreen.storyboard */ = {
			isa = PBXVariantGroup;
			children = (
				629377F429A19832003DD3F3 /* Base */,
			);
			name = LaunchScreen.storyboard;
			sourceTree = "<group>";
		};
/* End PBXVariantGroup section */

/* Begin XCBuildConfiguration section */
		629377F729A19832003DD3F3 /* Debug */ = {
			isa = XCBuildConfiguration;
			buildSettings = {
				ALWAYS_SEARCH_USER_PATHS = NO;
				CLANG_ANALYZER_NONNULL = YES;
				CLANG_ANALYZER_NUMBER_OBJECT_CONVERSION = YES_AGGRESSIVE;
				CLANG_CXX_LANGUAGE_STANDARD = "gnu++20";
				CLANG_ENABLE_MODULES = YES;
				CLANG_ENABLE_OBJC_ARC = YES;
				CLANG_ENABLE_OBJC_WEAK = YES;
				CLANG_WARN_BLOCK_CAPTURE_AUTORELEASING = YES;
				CLANG_WARN_BOOL_CONVERSION = YES;
				CLANG_WARN_COMMA = YES;
				CLANG_WARN_CONSTANT_CONVERSION = YES;
				CLANG_WARN_DEPRECATED_OBJC_IMPLEMENTATIONS = YES;
				CLANG_WARN_DIRECT_OBJC_ISA_USAGE = YES_ERROR;
				CLANG_WARN_DOCUMENTATION_COMMENTS = YES;
				CLANG_WARN_EMPTY_BODY = YES;
				CLANG_WARN_ENUM_CONVERSION = YES;
				CLANG_WARN_INFINITE_RECURSION = YES;
				CLANG_WARN_INT_CONVERSION = YES;
				CLANG_WARN_NON_LITERAL_NULL_CONVERSION = YES;
				CLANG_WARN_OBJC_IMPLICIT_RETAIN_SELF = YES;
				CLANG_WARN_OBJC_LITERAL_CONVERSION = YES;
				CLANG_WARN_OBJC_ROOT_CLASS = YES_ERROR;
				CLANG_WARN_QUOTED_INCLUDE_IN_FRAMEWORK_HEADER = YES;
				CLANG_WARN_RANGE_LOOP_ANALYSIS = YES;
				CLANG_WARN_STRICT_PROTOTYPES = YES;
				CLANG_WARN_SUSPICIOUS_MOVE = YES;
				CLANG_WARN_UNGUARDED_AVAILABILITY = YES_AGGRESSIVE;
				CLANG_WARN_UNREACHABLE_CODE = YES;
				CLANG_WARN__DUPLICATE_METHOD_MATCH = YES;
				COPY_PHASE_STRIP = NO;
				DEBUG_INFORMATION_FORMAT = dwarf;
				ENABLE_STRICT_OBJC_MSGSEND = YES;
				ENABLE_TESTABILITY = YES;
				GCC_C_LANGUAGE_STANDARD = gnu11;
				GCC_DYNAMIC_NO_PIC = NO;
				GCC_NO_COMMON_BLOCKS = YES;
				GCC_OPTIMIZATION_LEVEL = 0;
				GCC_PREPROCESSOR_DEFINITIONS = (
					"DEBUG=1",
					"$(inherited)",
				);
				GCC_WARN_64_TO_32_BIT_CONVERSION = YES;
				GCC_WARN_ABOUT_RETURN_TYPE = YES_ERROR;
				GCC_WARN_UNDECLARED_SELECTOR = YES;
				GCC_WARN_UNINITIALIZED_AUTOS = YES_AGGRESSIVE;
				GCC_WARN_UNUSED_FUNCTION = YES;
				GCC_WARN_UNUSED_VARIABLE = YES;
				IPHONEOS_DEPLOYMENT_TARGET = 16.2;
				MTL_ENABLE_DEBUG_INFO = INCLUDE_SOURCE;
				MTL_FAST_MATH = YES;
				ONLY_ACTIVE_ARCH = YES;
				SDKROOT = iphoneos;
				SWIFT_ACTIVE_COMPILATION_CONDITIONS = DEBUG;
				SWIFT_OPTIMIZATION_LEVEL = "-Onone";
			};
			name = Debug;
		};
		629377F829A19832003DD3F3 /* Release */ = {
			isa = XCBuildConfiguration;
			buildSettings = {
				ALWAYS_SEARCH_USER_PATHS = NO;
				CLANG_ANALYZER_NONNULL = YES;
				CLANG_ANALYZER_NUMBER_OBJECT_CONVERSION = YES_AGGRESSIVE;
				CLANG_CXX_LANGUAGE_STANDARD = "gnu++20";
				CLANG_ENABLE_MODULES = YES;
				CLANG_ENABLE_OBJC_ARC = YES;
				CLANG_ENABLE_OBJC_WEAK = YES;
				CLANG_WARN_BLOCK_CAPTURE_AUTORELEASING = YES;
				CLANG_WARN_BOOL_CONVERSION = YES;
				CLANG_WARN_COMMA = YES;
				CLANG_WARN_CONSTANT_CONVERSION = YES;
				CLANG_WARN_DEPRECATED_OBJC_IMPLEMENTATIONS = YES;
				CLANG_WARN_DIRECT_OBJC_ISA_USAGE = YES_ERROR;
				CLANG_WARN_DOCUMENTATION_COMMENTS = YES;
				CLANG_WARN_EMPTY_BODY = YES;
				CLANG_WARN_ENUM_CONVERSION = YES;
				CLANG_WARN_INFINITE_RECURSION = YES;
				CLANG_WARN_INT_CONVERSION = YES;
				CLANG_WARN_NON_LITERAL_NULL_CONVERSION = YES;
				CLANG_WARN_OBJC_IMPLICIT_RETAIN_SELF = YES;
				CLANG_WARN_OBJC_LITERAL_CONVERSION = YES;
				CLANG_WARN_OBJC_ROOT_CLASS = YES_ERROR;
				CLANG_WARN_QUOTED_INCLUDE_IN_FRAMEWORK_HEADER = YES;
				CLANG_WARN_RANGE_LOOP_ANALYSIS = YES;
				CLANG_WARN_STRICT_PROTOTYPES = YES;
				CLANG_WARN_SUSPICIOUS_MOVE = YES;
				CLANG_WARN_UNGUARDED_AVAILABILITY = YES_AGGRESSIVE;
				CLANG_WARN_UNREACHABLE_CODE = YES;
				CLANG_WARN__DUPLICATE_METHOD_MATCH = YES;
				COPY_PHASE_STRIP = NO;
				DEBUG_INFORMATION_FORMAT = "dwarf-with-dsym";
				ENABLE_NS_ASSERTIONS = NO;
				ENABLE_STRICT_OBJC_MSGSEND = YES;
				GCC_C_LANGUAGE_STANDARD = gnu11;
				GCC_NO_COMMON_BLOCKS = YES;
				GCC_WARN_64_TO_32_BIT_CONVERSION = YES;
				GCC_WARN_ABOUT_RETURN_TYPE = YES_ERROR;
				GCC_WARN_UNDECLARED_SELECTOR = YES;
				GCC_WARN_UNINITIALIZED_AUTOS = YES_AGGRESSIVE;
				GCC_WARN_UNUSED_FUNCTION = YES;
				GCC_WARN_UNUSED_VARIABLE = YES;
				IPHONEOS_DEPLOYMENT_TARGET = 16.2;
				MTL_ENABLE_DEBUG_INFO = NO;
				MTL_FAST_MATH = YES;
				SDKROOT = iphoneos;
				SWIFT_COMPILATION_MODE = wholemodule;
				SWIFT_OPTIMIZATION_LEVEL = "-O";
				VALIDATE_PRODUCT = YES;
			};
			name = Release;
		};
		629377FA29A19832003DD3F3 /* Debug */ = {
			isa = XCBuildConfiguration;
			buildSettings = {
				ASSETCATALOG_COMPILER_APPICON_NAME = AppIcon;
				ASSETCATALOG_COMPILER_GLOBAL_ACCENT_COLOR_NAME = AccentColor;
				CODE_SIGN_STYLE = Automatic;
				CURRENT_PROJECT_VERSION = 1;
				DEVELOPMENT_TEAM = DTJ5G5B67W;
				GENERATE_INFOPLIST_FILE = YES;
				INFOPLIST_FILE = aa/Info.plist;
				INFOPLIST_KEY_UIApplicationSupportsIndirectInputEvents = YES;
				INFOPLIST_KEY_UILaunchStoryboardName = LaunchScreen;
				INFOPLIST_KEY_UIMainStoryboardFile = Main;
				INFOPLIST_KEY_UISupportedInterfaceOrientations = UIInterfaceOrientationPortrait;
				LD_RUNPATH_SEARCH_PATHS = (
					"$(inherited)",
					"@executable_path/Frameworks",
				);
				MARKETING_VERSION = 1.0;
				PRODUCT_BUNDLE_IDENTIFIER = com.AndreaBottino.aa;
				PRODUCT_NAME = "$(TARGET_NAME)";
				SWIFT_EMIT_LOC_STRINGS = YES;
				SWIFT_VERSION = 5.0;
				TARGETED_DEVICE_FAMILY = "1,2";
			};
			name = Debug;
		};
		629377FB29A19832003DD3F3 /* Release */ = {
			isa = XCBuildConfiguration;
			buildSettings = {
				ASSETCATALOG_COMPILER_APPICON_NAME = AppIcon;
				ASSETCATALOG_COMPILER_GLOBAL_ACCENT_COLOR_NAME = AccentColor;
				CODE_SIGN_STYLE = Automatic;
				CURRENT_PROJECT_VERSION = 1;
				DEVELOPMENT_TEAM = DTJ5G5B67W;
				GENERATE_INFOPLIST_FILE = YES;
				INFOPLIST_FILE = aa/Info.plist;
				INFOPLIST_KEY_UIApplicationSupportsIndirectInputEvents = YES;
				INFOPLIST_KEY_UILaunchStoryboardName = LaunchScreen;
				INFOPLIST_KEY_UIMainStoryboardFile = Main;
				INFOPLIST_KEY_UISupportedInterfaceOrientations = UIInterfaceOrientationPortrait;
				LD_RUNPATH_SEARCH_PATHS = (
					"$(inherited)",
					"@executable_path/Frameworks",
				);
				MARKETING_VERSION = 1.0;
				PRODUCT_BUNDLE_IDENTIFIER = com.AndreaBottino.aa;
				PRODUCT_NAME = "$(TARGET_NAME)";
				SWIFT_EMIT_LOC_STRINGS = YES;
				SWIFT_VERSION = 5.0;
				TARGETED_DEVICE_FAMILY = "1,2";
			};
			name = Release;
		};
/* End XCBuildConfiguration section */

/* Begin XCConfigurationList section */
		629377E029A19830003DD3F3 /* Build configuration list for PBXProject "DnD Roll" */ = {
			isa = XCConfigurationList;
			buildConfigurations = (
				629377F729A19832003DD3F3 /* Debug */,
				629377F829A19832003DD3F3 /* Release */,
			);
			defaultConfigurationIsVisible = 0;
			defaultConfigurationName = Release;
		};
		629377F929A19832003DD3F3 /* Build configuration list for PBXNativeTarget "DnD Roll" */ = {
			isa = XCConfigurationList;
			buildConfigurations = (
				629377FA29A19832003DD3F3 /* Debug */,
				629377FB29A19832003DD3F3 /* Release */,
			);
			defaultConfigurationIsVisible = 0;
			defaultConfigurationName = Release;
		};
/* End XCConfigurationList section */
	};
	rootObject = 629377DD29A19830003DD3F3 /* Project object */;
}
